// !$*UTF8*$!
{
	archiveVersion = 1;
	classes = {
	};
	objectVersion = 77;
	objects = {

/* Begin PBXContainerItemProxy section */
		28D731122DD5A9BF0079D88B /* PBXContainerItemProxy */ = {
			isa = PBXContainerItemProxy;
			containerPortal = 28D730FC2DD5A9BE0079D88B /* Project object */;
			proxyType = 1;
			remoteGlobalIDString = 28D731032DD5A9BE0079D88B;
			remoteInfo = ReversorApp;
		};
		28D7311C2DD5A9BF0079D88B /* PBXContainerItemProxy */ = {
			isa = PBXContainerItemProxy;
			containerPortal = 28D730FC2DD5A9BE0079D88B /* Project object */;
			proxyType = 1;
			remoteGlobalIDString = 28D731032DD5A9BE0079D88B;
			remoteInfo = ReversorApp;
		};
/* End PBXContainerItemProxy section */

/* Begin PBXFileReference section */
		28D731042DD5A9BE0079D88B /* ReversorApp.app */ = {isa = PBXFileReference; explicitFileType = wrapper.application; includeInIndex = 0; path = ReversorApp.app; sourceTree = BUILT_PRODUCTS_DIR; };
		28D731112DD5A9BF0079D88B /* ReversorAppTests.xctest */ = {isa = PBXFileReference; explicitFileType = wrapper.cfbundle; includeInIndex = 0; path = ReversorAppTests.xctest; sourceTree = BUILT_PRODUCTS_DIR; };
		28D7311B2DD5A9BF0079D88B /* ReversorAppUITests.xctest */ = {isa = PBXFileReference; explicitFileType = wrapper.cfbundle; includeInIndex = 0; path = ReversorAppUITests.xctest; sourceTree = BUILT_PRODUCTS_DIR; };
/* End PBXFileReference section */

/* Begin PBXFileSystemSynchronizedRootGroup section */
		28D731062DD5A9BE0079D88B /* ReversorApp */ = {
			isa = PBXFileSystemSynchronizedRootGroup;
			path = ReversorApp;
			sourceTree = "<group>";
		};
		28D731142DD5A9BF0079D88B /* ReversorAppTests */ = {
			isa = PBXFileSystemSynchronizedRootGroup;
			path = ReversorAppTests;
			sourceTree = "<group>";
		};
		28D7311E2DD5A9BF0079D88B /* ReversorAppUITests */ = {
			isa = PBXFileSystemSynchronizedRootGroup;
			path = ReversorAppUITests;
			sourceTree = "<group>";
		};
/* End PBXFileSystemSynchronizedRootGroup section */

/* Begin PBXFrameworksBuildPhase section */
		28D731012DD5A9BE0079D88B /* Frameworks */ = {
			isa = PBXFrameworksBuildPhase;
			buildActionMask = 2147483647;
			files = (
			);
			runOnlyForDeploymentPostprocessing = 0;
		};
		28D7310E2DD5A9BF0079D88B /* Frameworks */ = {
			isa = PBXFrameworksBuildPhase;
			buildActionMask = 2147483647;
			files = (
			);
			runOnlyForDeploymentPostprocessing = 0;
		};
		28D731182DD5A9BF0079D88B /* Frameworks */ = {
			isa = PBXFrameworksBuildPhase;
			buildActionMask = 2147483647;
			files = (
			);
			runOnlyForDeploymentPostprocessing = 0;
		};
/* End PBXFrameworksBuildPhase section */

/* Begin PBXGroup section */
		28D730FB2DD5A9BE0079D88B = {
			isa = PBXGroup;
			children = (
				28D731062DD5A9BE0079D88B /* ReversorApp */,
				28D731142DD5A9BF0079D88B /* ReversorAppTests */,
				28D7311E2DD5A9BF0079D88B /* ReversorAppUITests */,
				28D731052DD5A9BE0079D88B /* Products */,
			);
			sourceTree = "<group>";
		};
		28D731052DD5A9BE0079D88B /* Products */ = {
			isa = PBXGroup;
			children = (
				28D731042DD5A9BE0079D88B /* ReversorApp.app */,
				28D731112DD5A9BF0079D88B /* ReversorAppTests.xctest */,
				28D7311B2DD5A9BF0079D88B /* ReversorAppUITests.xctest */,
			);
			name = Products;
			sourceTree = "<group>";
		};
/* End PBXGroup section */

/* Begin PBXNativeTarget section */
		28D731032DD5A9BE0079D88B /* ReversorApp */ = {
			isa = PBXNativeTarget;
			buildConfigurationList = 28D731252DD5A9BF0079D88B /* Build configuration list for PBXNativeTarget "ReversorApp" */;
			buildPhases = (
				28D731002DD5A9BE0079D88B /* Sources */,
				28D731012DD5A9BE0079D88B /* Frameworks */,
				28D731022DD5A9BE0079D88B /* Resources */,
			);
			buildRules = (
			);
			dependencies = (
			);
			fileSystemSynchronizedGroups = (
				28D731062DD5A9BE0079D88B /* ReversorApp */,
			);
			name = ReversorApp;
			packageProductDependencies = (
			);
			productName = ReversorApp;
			productReference = 28D731042DD5A9BE0079D88B /* ReversorApp.app */;
			productType = "com.apple.product-type.application";
		};
		28D731102DD5A9BF0079D88B /* ReversorAppTests */ = {
			isa = PBXNativeTarget;
			buildConfigurationList = 28D731282DD5A9BF0079D88B /* Build configuration list for PBXNativeTarget "ReversorAppTests" */;
			buildPhases = (
				28D7310D2DD5A9BF0079D88B /* Sources */,
				28D7310E2DD5A9BF0079D88B /* Frameworks */,
				28D7310F2DD5A9BF0079D88B /* Resources */,
			);
			buildRules = (
			);
			dependencies = (
				28D731132DD5A9BF0079D88B /* PBXTargetDependency */,
			);
			fileSystemSynchronizedGroups = (
				28D731142DD5A9BF0079D88B /* ReversorAppTests */,
			);
			name = ReversorAppTests;
			packageProductDependencies = (
			);
			productName = ReversorAppTests;
			productReference = 28D731112DD5A9BF0079D88B /* ReversorAppTests.xctest */;
			productType = "com.apple.product-type.bundle.unit-test";
		};
		28D7311A2DD5A9BF0079D88B /* ReversorAppUITests */ = {
			isa = PBXNativeTarget;
			buildConfigurationList = 28D7312B2DD5A9BF0079D88B /* Build configuration list for PBXNativeTarget "ReversorAppUITests" */;
			buildPhases = (
				28D731172DD5A9BF0079D88B /* Sources */,
				28D731182DD5A9BF0079D88B /* Frameworks */,
				28D731192DD5A9BF0079D88B /* Resources */,
			);
			buildRules = (
			);
			dependencies = (
				28D7311D2DD5A9BF0079D88B /* PBXTargetDependency */,
			);
			fileSystemSynchronizedGroups = (
				28D7311E2DD5A9BF0079D88B /* ReversorAppUITests */,
			);
			name = ReversorAppUITests;
			packageProductDependencies = (
			);
			productName = ReversorAppUITests;
			productReference = 28D7311B2DD5A9BF0079D88B /* ReversorAppUITests.xctest */;
			productType = "com.apple.product-type.bundle.ui-testing";
		};
/* End PBXNativeTarget section */

/* Begin PBXProject section */
		28D730FC2DD5A9BE0079D88B /* Project object */ = {
			isa = PBXProject;
			attributes = {
				BuildIndependentTargetsInParallel = 1;
				LastSwiftUpdateCheck = 1630;
				LastUpgradeCheck = 1630;
				TargetAttributes = {
					28D731032DD5A9BE0079D88B = {
						CreatedOnToolsVersion = 16.3;
					};
					28D731102DD5A9BF0079D88B = {
						CreatedOnToolsVersion = 16.3;
						TestTargetID = 28D731032DD5A9BE0079D88B;
					};
					28D7311A2DD5A9BF0079D88B = {
						CreatedOnToolsVersion = 16.3;
						TestTargetID = 28D731032DD5A9BE0079D88B;
					};
				};
			};
			buildConfigurationList = 28D730FF2DD5A9BE0079D88B /* Build configuration list for PBXProject "ReversorApp" */;
			developmentRegion = en;
			hasScannedForEncodings = 0;
			knownRegions = (
				en,
				Base,
			);
			mainGroup = 28D730FB2DD5A9BE0079D88B;
			minimizedProjectReferenceProxies = 1;
			preferredProjectObjectVersion = 77;
			productRefGroup = 28D731052DD5A9BE0079D88B /* Products */;
			projectDirPath = "";
			projectRoot = "";
			targets = (
				28D731032DD5A9BE0079D88B /* ReversorApp */,
				28D731102DD5A9BF0079D88B /* ReversorAppTests */,
				28D7311A2DD5A9BF0079D88B /* ReversorAppUITests */,
			);
		};
/* End PBXProject section */

/* Begin PBXResourcesBuildPhase section */
		28D731022DD5A9BE0079D88B /* Resources */ = {
			isa = PBXResourcesBuildPhase;
			buildActionMask = 2147483647;
			files = (
			);
			runOnlyForDeploymentPostprocessing = 0;
		};
		28D7310F2DD5A9BF0079D88B /* Resources */ = {
			isa = PBXResourcesBuildPhase;
			buildActionMask = 2147483647;
			files = (
			);
			runOnlyForDeploymentPostprocessing = 0;
		};
		28D731192DD5A9BF0079D88B /* Resources */ = {
			isa = PBXResourcesBuildPhase;
			buildActionMask = 2147483647;
			files = (
			);
			runOnlyForDeploymentPostprocessing = 0;
		};
/* End PBXResourcesBuildPhase section */

/* Begin PBXSourcesBuildPhase section */
		28D731002DD5A9BE0079D88B /* Sources */ = {
			isa = PBXSourcesBuildPhase;
			buildActionMask = 2147483647;
			files = (
			);
			runOnlyForDeploymentPostprocessing = 0;
		};
		28D7310D2DD5A9BF0079D88B /* Sources */ = {
			isa = PBXSourcesBuildPhase;
			buildActionMask = 2147483647;
			files = (
			);
			runOnlyForDeploymentPostprocessing = 0;
		};
		28D731172DD5A9BF0079D88B /* Sources */ = {
			isa = PBXSourcesBuildPhase;
			buildActionMask = 2147483647;
			files = (
			);
			runOnlyForDeploymentPostprocessing = 0;
		};
/* End PBXSourcesBuildPhase section */

/* Begin PBXTargetDependency section */
		28D731132DD5A9BF0079D88B /* PBXTargetDependency */ = {
			isa = PBXTargetDependency;
			target = 28D731032DD5A9BE0079D88B /* ReversorApp */;
			targetProxy = 28D731122DD5A9BF0079D88B /* PBXContainerItemProxy */;
		};
		28D7311D2DD5A9BF0079D88B /* PBXTargetDependency */ = {
			isa = PBXTargetDependency;
			target = 28D731032DD5A9BE0079D88B /* ReversorApp */;
			targetProxy = 28D7311C2DD5A9BF0079D88B /* PBXContainerItemProxy */;
		};
/* End PBXTargetDependency section */

/* Begin XCBuildConfiguration section */
		28D731232DD5A9BF0079D88B /* Debug */ = {
			isa = XCBuildConfiguration;
			buildSettings = {
				ALWAYS_SEARCH_USER_PATHS = NO;
				ASSETCATALOG_COMPILER_GENERATE_SWIFT_ASSET_SYMBOL_EXTENSIONS = YES;
				CLANG_ANALYZER_NONNULL = YES;
				CLANG_ANALYZER_NUMBER_OBJECT_CONVERSION = YES_AGGRESSIVE;
				CLANG_CXX_LANGUAGE_STANDARD = "gnu++20";
				CLANG_ENABLE_MODULES = YES;
				CLANG_ENABLE_OBJC_ARC = YES;
				CLANG_ENABLE_OBJC_WEAK = YES;
				CLANG_WARN_BLOCK_CAPTURE_AUTORELEASING = YES;
				CLANG_WARN_BOOL_CONVERSION = YES;
				CLANG_WARN_COMMA = YES;
				CLANG_WARN_CONSTANT_CONVERSION = YES;
				CLANG_WARN_DEPRECATED_OBJC_IMPLEMENTATIONS = YES;
				CLANG_WARN_DIRECT_OBJC_ISA_USAGE = YES_ERROR;
				CLANG_WARN_DOCUMENTATION_COMMENTS = YES;
				CLANG_WARN_EMPTY_BODY = YES;
				CLANG_WARN_ENUM_CONVERSION = YES;
				CLANG_WARN_INFINITE_RECURSION = YES;
				CLANG_WARN_INT_CONVERSION = YES;
				CLANG_WARN_NON_LITERAL_NULL_CONVERSION = YES;
				CLANG_WARN_OBJC_IMPLICIT_RETAIN_SELF = YES;
				CLANG_WARN_OBJC_LITERAL_CONVERSION = YES;
				CLANG_WARN_OBJC_ROOT_CLASS = YES_ERROR;
				CLANG_WARN_QUOTED_INCLUDE_IN_FRAMEWORK_HEADER = YES;
				CLANG_WARN_RANGE_LOOP_ANALYSIS = YES;
				CLANG_WARN_STRICT_PROTOTYPES = YES;
				CLANG_WARN_SUSPICIOUS_MOVE = YES;
				CLANG_WARN_UNGUARDED_AVAILABILITY = YES_AGGRESSIVE;
				CLANG_WARN_UNREACHABLE_CODE = YES;
				CLANG_WARN__DUPLICATE_METHOD_MATCH = YES;
				COPY_PHASE_STRIP = NO;
				DEBUG_INFORMATION_FORMAT = dwarf;
				ENABLE_STRICT_OBJC_MSGSEND = YES;
				ENABLE_TESTABILITY = YES;
				ENABLE_USER_SCRIPT_SANDBOXING = YES;
				GCC_C_LANGUAGE_STANDARD = gnu17;
				GCC_DYNAMIC_NO_PIC = NO;
				GCC_NO_COMMON_BLOCKS = YES;
				GCC_OPTIMIZATION_LEVEL = 0;
				GCC_PREPROCESSOR_DEFINITIONS = (
					"DEBUG=1",
					"$(inherited)",
				);
				GCC_WARN_64_TO_32_BIT_CONVERSION = YES;
				GCC_WARN_ABOUT_RETURN_TYPE = YES_ERROR;
				GCC_WARN_UNDECLARED_SELECTOR = YES;
				GCC_WARN_UNINITIALIZED_AUTOS = YES_AGGRESSIVE;
				GCC_WARN_UNUSED_FUNCTION = YES;
				GCC_WARN_UNUSED_VARIABLE = YES;
				IPHONEOS_DEPLOYMENT_TARGET = 18.4;
				LOCALIZATION_PREFERS_STRING_CATALOGS = YES;
				MTL_ENABLE_DEBUG_INFO = INCLUDE_SOURCE;
				MTL_FAST_MATH = YES;
				ONLY_ACTIVE_ARCH = YES;
				SDKROOT = iphoneos;
				SWIFT_ACTIVE_COMPILATION_CONDITIONS = "DEBUG $(inherited)";
				SWIFT_OPTIMIZATION_LEVEL = "-Onone";
			};
			name = Debug;
		};
		28D731242DD5A9BF0079D88B /* Release */ = {
			isa = XCBuildConfiguration;
			buildSettings = {
				ALWAYS_SEARCH_USER_PATHS = NO;
				ASSETCATALOG_COMPILER_GENERATE_SWIFT_ASSET_SYMBOL_EXTENSIONS = YES;
				CLANG_ANALYZER_NONNULL = YES;
				CLANG_ANALYZER_NUMBER_OBJECT_CONVERSION = YES_AGGRESSIVE;
				CLANG_CXX_LANGUAGE_STANDARD = "gnu++20";
				CLANG_ENABLE_MODULES = YES;
				CLANG_ENABLE_OBJC_ARC = YES;
				CLANG_ENABLE_OBJC_WEAK = YES;
				CLANG_WARN_BLOCK_CAPTURE_AUTORELEASING = YES;
				CLANG_WARN_BOOL_CONVERSION = YES;
				CLANG_WARN_COMMA = YES;
				CLANG_WARN_CONSTANT_CONVERSION = YES;
				CLANG_WARN_DEPRECATED_OBJC_IMPLEMENTATIONS = YES;
				CLANG_WARN_DIRECT_OBJC_ISA_USAGE = YES_ERROR;
				CLANG_WARN_DOCUMENTATION_COMMENTS = YES;
				CLANG_WARN_EMPTY_BODY = YES;
				CLANG_WARN_ENUM_CONVERSION = YES;
				CLANG_WARN_INFINITE_RECURSION = YES;
				CLANG_WARN_INT_CONVERSION = YES;
				CLANG_WARN_NON_LITERAL_NULL_CONVERSION = YES;
				CLANG_WARN_OBJC_IMPLICIT_RETAIN_SELF = YES;
				CLANG_WARN_OBJC_LITERAL_CONVERSION = YES;
				CLANG_WARN_OBJC_ROOT_CLASS = YES_ERROR;
				CLANG_WARN_QUOTED_INCLUDE_IN_FRAMEWORK_HEADER = YES;
				CLANG_WARN_RANGE_LOOP_ANALYSIS = YES;
				CLANG_WARN_STRICT_PROTOTYPES = YES;
				CLANG_WARN_SUSPICIOUS_MOVE = YES;
				CLANG_WARN_UNGUARDED_AVAILABILITY = YES_AGGRESSIVE;
				CLANG_WARN_UNREACHABLE_CODE = YES;
				CLANG_WARN__DUPLICATE_METHOD_MATCH = YES;
				COPY_PHASE_STRIP = NO;
				DEBUG_INFORMATION_FORMAT = "dwarf-with-dsym";
				ENABLE_NS_ASSERTIONS = NO;
				ENABLE_STRICT_OBJC_MSGSEND = YES;
				ENABLE_USER_SCRIPT_SANDBOXING = YES;
				GCC_C_LANGUAGE_STANDARD = gnu17;
				GCC_NO_COMMON_BLOCKS = YES;
				GCC_WARN_64_TO_32_BIT_CONVERSION = YES;
				GCC_WARN_ABOUT_RETURN_TYPE = YES_ERROR;
				GCC_WARN_UNDECLARED_SELECTOR = YES;
				GCC_WARN_UNINITIALIZED_AUTOS = YES_AGGRESSIVE;
				GCC_WARN_UNUSED_FUNCTION = YES;
				GCC_WARN_UNUSED_VARIABLE = YES;
				IPHONEOS_DEPLOYMENT_TARGET = 18.4;
				LOCALIZATION_PREFERS_STRING_CATALOGS = YES;
				MTL_ENABLE_DEBUG_INFO = NO;
				MTL_FAST_MATH = YES;
				SDKROOT = iphoneos;
				SWIFT_COMPILATION_MODE = wholemodule;
				VALIDATE_PRODUCT = YES;
			};
			name = Release;
		};
		28D731262DD5A9BF0079D88B /* Debug */ = {
			isa = XCBuildConfiguration;
			buildSettings = {
				ASSETCATALOG_COMPILER_APPICON_NAME = AppIcon;
				ASSETCATALOG_COMPILER_GLOBAL_ACCENT_COLOR_NAME = AccentColor;
				CODE_SIGN_STYLE = Automatic;
				CURRENT_PROJECT_VERSION = 1;
				ENABLE_PREVIEWS = YES;
				GENERATE_INFOPLIST_FILE = YES;
				INFOPLIST_KEY_UIApplicationSceneManifest_Generation = YES;
				INFOPLIST_KEY_UIApplicationSupportsIndirectInputEvents = YES;
				INFOPLIST_KEY_UILaunchScreen_Generation = YES;
				INFOPLIST_KEY_UISupportedInterfaceOrientations_iPad = "UIInterfaceOrientationPortrait UIInterfaceOrientationPortraitUpsideDown UIInterfaceOrientationLandscapeLeft UIInterfaceOrientationLandscapeRight";
				INFOPLIST_KEY_UISupportedInterfaceOrientations_iPhone = "UIInterfaceOrientationPortrait UIInterfaceOrientationLandscapeLeft UIInterfaceOrientationLandscapeRight";
				LD_RUNPATH_SEARCH_PATHS = (
					"$(inherited)",
					"@executable_path/Frameworks",
				);
				MARKETING_VERSION = 1.0;
				PRODUCT_BUNDLE_IDENTIFIER = jerrydot.ReversorApp;
				PRODUCT_NAME = "$(TARGET_NAME)";
				SWIFT_EMIT_LOC_STRINGS = YES;
				SWIFT_VERSION = 5.0;
				TARGETED_DEVICE_FAMILY = "1,2";
			};
			name = Debug;
		};
		28D731272DD5A9BF0079D88B /* Release */ = {
			isa = XCBuildConfiguration;
			buildSettings = {
				ASSETCATALOG_COMPILER_APPICON_NAME = AppIcon;
				ASSETCATALOG_COMPILER_GLOBAL_ACCENT_COLOR_NAME = AccentColor;
				CODE_SIGN_STYLE = Automatic;
				CURRENT_PROJECT_VERSION = 1;
				ENABLE_PREVIEWS = YES;
				GENERATE_INFOPLIST_FILE = YES;
				INFOPLIST_KEY_UIApplicationSceneManifest_Generation = YES;
				INFOPLIST_KEY_UIApplicationSupportsIndirectInputEvents = YES;
				INFOPLIST_KEY_UILaunchScreen_Generation = YES;
				INFOPLIST_KEY_UISupportedInterfaceOrientations_iPad = "UIInterfaceOrientationPortrait UIInterfaceOrientationPortraitUpsideDown UIInterfaceOrientationLandscapeLeft UIInterfaceOrientationLandscapeRight";
				INFOPLIST_KEY_UISupportedInterfaceOrientations_iPhone = "UIInterfaceOrientationPortrait UIInterfaceOrientationLandscapeLeft UIInterfaceOrientationLandscapeRight";
				LD_RUNPATH_SEARCH_PATHS = (
					"$(inherited)",
					"@executable_path/Frameworks",
				);
				MARKETING_VERSION = 1.0;
				PRODUCT_BUNDLE_IDENTIFIER = jerrydot.ReversorApp;
				PRODUCT_NAME = "$(TARGET_NAME)";
				SWIFT_EMIT_LOC_STRINGS = YES;
				SWIFT_VERSION = 5.0;
				TARGETED_DEVICE_FAMILY = "1,2";
			};
			name = Release;
		};
		28D731292DD5A9BF0079D88B /* Debug */ = {
			isa = XCBuildConfiguration;
			buildSettings = {
				BUNDLE_LOADER = "$(TEST_HOST)";
				CODE_SIGN_STYLE = Automatic;
				CURRENT_PROJECT_VERSION = 1;
				GENERATE_INFOPLIST_FILE = YES;
				IPHONEOS_DEPLOYMENT_TARGET = 18.4;
				MARKETING_VERSION = 1.0;
				PRODUCT_BUNDLE_IDENTIFIER = jerrydot.ReversorAppTests;
				PRODUCT_NAME = "$(TARGET_NAME)";
				SWIFT_EMIT_LOC_STRINGS = NO;
				SWIFT_VERSION = 5.0;
				TARGETED_DEVICE_FAMILY = "1,2";
				TEST_HOST = "$(BUILT_PRODUCTS_DIR)/ReversorApp.app/$(BUNDLE_EXECUTABLE_FOLDER_PATH)/ReversorApp";
			};
			name = Debug;
		};
		28D7312A2DD5A9BF0079D88B /* Release */ = {
			isa = XCBuildConfiguration;
			buildSettings = {
				BUNDLE_LOADER = "$(TEST_HOST)";
				CODE_SIGN_STYLE = Automatic;
				CURRENT_PROJECT_VERSION = 1;
				GENERATE_INFOPLIST_FILE = YES;
				IPHONEOS_DEPLOYMENT_TARGET = 18.4;
				MARKETING_VERSION = 1.0;
				PRODUCT_BUNDLE_IDENTIFIER = jerrydot.ReversorAppTests;
				PRODUCT_NAME = "$(TARGET_NAME)";
				SWIFT_EMIT_LOC_STRINGS = NO;
				SWIFT_VERSION = 5.0;
				TARGETED_DEVICE_FAMILY = "1,2";
				TEST_HOST = "$(BUILT_PRODUCTS_DIR)/ReversorApp.app/$(BUNDLE_EXECUTABLE_FOLDER_PATH)/ReversorApp";
			};
			name = Release;
		};
		28D7312C2DD5A9BF0079D88B /* Debug */ = {
			isa = XCBuildConfiguration;
			buildSettings = {
				CODE_SIGN_STYLE = Automatic;
				CURRENT_PROJECT_VERSION = 1;
				GENERATE_INFOPLIST_FILE = YES;
				MARKETING_VERSION = 1.0;
				PRODUCT_BUNDLE_IDENTIFIER = jerrydot.ReversorAppUITests;
				PRODUCT_NAME = "$(TARGET_NAME)";
				SWIFT_EMIT_LOC_STRINGS = NO;
				SWIFT_VERSION = 5.0;
				TARGETED_DEVICE_FAMILY = "1,2";
				TEST_TARGET_NAME = ReversorApp;
			};
			name = Debug;
		};
		28D7312D2DD5A9BF0079D88B /* Release */ = {
			isa = XCBuildConfiguration;
			buildSettings = {
				CODE_SIGN_STYLE = Automatic;
				CURRENT_PROJECT_VERSION = 1;
				GENERATE_INFOPLIST_FILE = YES;
				MARKETING_VERSION = 1.0;
				PRODUCT_BUNDLE_IDENTIFIER = jerrydot.ReversorAppUITests;
				PRODUCT_NAME = "$(TARGET_NAME)";
				SWIFT_EMIT_LOC_STRINGS = NO;
				SWIFT_VERSION = 5.0;
				TARGETED_DEVICE_FAMILY = "1,2";
				TEST_TARGET_NAME = ReversorApp;
			};
			name = Release;
		};
/* End XCBuildConfiguration section */

/* Begin XCConfigurationList section */
		28D730FF2DD5A9BE0079D88B /* Build configuration list for PBXProject "ReversorApp" */ = {
			isa = XCConfigurationList;
			buildConfigurations = (
				28D731232DD5A9BF0079D88B /* Debug */,
				28D731242DD5A9BF0079D88B /* Release */,
			);
			defaultConfigurationIsVisible = 0;
			defaultConfigurationName = Release;
		};
		28D731252DD5A9BF0079D88B /* Build configuration list for PBXNativeTarget "ReversorApp" */ = {
			isa = XCConfigurationList;
			buildConfigurations = (
				28D731262DD5A9BF0079D88B /* Debug */,
				28D731272DD5A9BF0079D88B /* Release */,
			);
			defaultConfigurationIsVisible = 0;
			defaultConfigurationName = Release;
		};
		28D731282DD5A9BF0079D88B /* Build configuration list for PBXNativeTarget "ReversorAppTests" */ = {
			isa = XCConfigurationList;
			buildConfigurations = (
				28D731292DD5A9BF0079D88B /* Debug */,
				28D7312A2DD5A9BF0079D88B /* Release */,
			);
			defaultConfigurationIsVisible = 0;
			defaultConfigurationName = Release;
		};
		28D7312B2DD5A9BF0079D88B /* Build configuration list for PBXNativeTarget "ReversorAppUITests" */ = {
			isa = XCConfigurationList;
			buildConfigurations = (
				28D7312C2DD5A9BF0079D88B /* Debug */,
				28D7312D2DD5A9BF0079D88B /* Release */,
			);
			defaultConfigurationIsVisible = 0;
			defaultConfigurationName = Release;
		};
/* End XCConfigurationList section */
	};
	rootObject = 28D730FC2DD5A9BE0079D88B /* Project object */;
}
